
Microsoft Visual Studio Solution File, Format Version 12.00
# Visual Studio Version 16
VisualStudioVersion = 16.0.30011.22
MinimumVisualStudioVersion = 10.0.40219.1
Project("{FAE04EC0-301F-11D3-BF4B-00C04F79EFBC}") = "WebApi", "WebApi\WebApi.csproj", "{C6DCCE23-C280-4B1D-90DB-92A6681C3046}"
EndProject
Project("{FAE04EC0-301F-11D3-BF4B-00C04F79EFBC}") = "Domain", "Domain\Domain.csproj", "{D2E6AB9B-53DA-48E7-B9CD-BD6F0323DC16}"
EndProject
Project("{FAE04EC0-301F-11D3-BF4B-00C04F79EFBC}") = "DataAccess.EFCore", "DataAccess.EFCore\DataAccess.EFCore.csproj", "{0E5CC564-5C4D-4B00-A154-980F483BFB07}"
EndProject
Global
	GlobalSection(SolutionConfigurationPlatforms) = preSolution
		Debug|Any CPU = Debug|Any CPU
		Release|Any CPU = Release|Any CPU
	EndGlobalSection
	GlobalSection(ProjectConfigurationPlatforms) = postSolution
		{C6DCCE23-C280-4B1D-90DB-92A6681C3046}.Debug|Any CPU.ActiveCfg = Debug|Any CPU
		{C6DCCE23-C280-4B1D-90DB-92A6681C3046}.Debug|Any CPU.Build.0 = Debug|Any CPU
		{C6DCCE23-C280-4B1D-90DB-92A6681C3046}.Release|Any CPU.ActiveCfg = Release|Any CPU
		{C6DCCE23-C280-4B1D-90DB-92A6681C3046}.Release|Any CPU.Build.0 = Release|Any CPU
		{D2E6AB9B-53DA-48E7-B9CD-BD6F0323DC16}.Debug|Any CPU.ActiveCfg = Debug|Any CPU
		{D2E6AB9B-53DA-48E7-B9CD-BD6F0323DC16}.Debug|Any CPU.Build.0 = Debug|Any CPU
		{D2E6AB9B-53DA-48E7-B9CD-BD6F0323DC16}.Release|Any CPU.ActiveCfg = Release|Any CPU
		{D2E6AB9B-53DA-48E7-B9CD-BD6F0323DC16}.Release|Any CPU.Build.0 = Release|Any CPU
		{0E5CC564-5C4D-4B00-A154-980F483BFB07}.Debug|Any CPU.ActiveCfg = Debug|Any CPU
		{0E5CC564-5C4D-4B00-A154-980F483BFB07}.Debug|Any CPU.Build.0 = Debug|Any CPU
		{0E5CC564-5C4D-4B00-A154-980F483BFB07}.Release|Any CPU.ActiveCfg = Release|Any CPU
		{0E5CC564-5C4D-4B00-A154-980F483BFB07}.Release|Any CPU.Build.0 = Release|Any CPU
	EndGlobalSection
	GlobalSection(SolutionProperties) = preSolution
		HideSolutionNode = FALSE
	EndGlobalSection
	GlobalSection(ExtensibilityGlobals) = postSolution
		SolutionGuid = {C5A7C730-A3CB-4169-A8D3-C86A3EBAC648}
	EndGlobalSection
EndGlobal
